
Microsoft Visual Studio Solution File, Format Version 12.00
# Visual Studio Version 16
VisualStudioVersion = 16.0.31410.357
MinimumVisualStudioVersion = 10.0.40219.1
Project("{2150E333-8FDC-42A3-9474-1A3956D46DE8}") = "Src", "Src", "{0EC9B2C5-2616-4447-B499-1CA06E74FED9}"
EndProject
Project("{2150E333-8FDC-42A3-9474-1A3956D46DE8}") = "Doc", "Doc", "{0A5D341B-E75A-4478-A1AC-FC0FAF2DFE6B}"
EndProject
Project("{2150E333-8FDC-42A3-9474-1A3956D46DE8}") = "Test", "Test", "{92B800AA-97A8-4438-B8EE-8F5926AFC7EB}"
EndProject
Project("{2150E333-8FDC-42A3-9474-1A3956D46DE8}") = "Core", "Core", "{A7B30563-21CC-4497-B61F-75BF68CB1FB6}"
EndProject
Project("{2150E333-8FDC-42A3-9474-1A3956D46DE8}") = "Presentation", "Presentation", "{CEB56D2B-9F9B-4AEA-AB2A-AFA32773E79A}"
EndProject
Project("{2150E333-8FDC-42A3-9474-1A3956D46DE8}") = "Common", "Common", "{2F0BC934-5DEE-4C3E-A94C-A947E426A174}"
EndProject
Project("{2150E333-8FDC-42A3-9474-1A3956D46DE8}") = "Infrastructure", "Infrastructure", "{4EEB8945-F32C-4615-8C75-BDA12A170CFC}"
EndProject
Project("{FAE04EC0-301F-11D3-BF4B-00C04F79EFBC}") = "BlogTest.Common", "BlogTest.Common\BlogTest.Common.csproj", "{D0FF7219-114C-48D8-85C0-03762CCFC9A3}"
EndProject
Project("{FAE04EC0-301F-11D3-BF4B-00C04F79EFBC}") = "BlogTest.Application", "BlogTest.Application\BlogTest.Application.csproj", "{07C46B61-F9C6-423E-B7F9-8F4CA82CC9F6}"
EndProject
Project("{FAE04EC0-301F-11D3-BF4B-00C04F79EFBC}") = "BlogTest.Domain", "BlogTest.Domain\BlogTest.Domain.csproj", "{9E52A201-E5C6-4CB2-AD67-C5EDDA243208}"
EndProject
Project("{FAE04EC0-301F-11D3-BF4B-00C04F79EFBC}") = "BlogTest.Infrastructure", "BlogTest.Infrastructure\BlogTest.Infrastructure.csproj", "{9457DA8A-7497-4C7D-A772-9B9AC7F7671B}"
EndProject
Project("{FAE04EC0-301F-11D3-BF4B-00C04F79EFBC}") = "BlogTest.Persistence", "BlogTest.Persistence\BlogTest.Persistence.csproj", "{02E56088-9519-4E95-BBB0-AA508B62B36A}"
EndProject
Project("{FAE04EC0-301F-11D3-BF4B-00C04F79EFBC}") = "EndPoint.Site", "EndPoint.Site\EndPoint.Site.csproj", "{87B0065E-CEC7-4218-93B2-58E63BF0B6C8}"
EndProject
Global
	GlobalSection(SolutionConfigurationPlatforms) = preSolution
		Debug|Any CPU = Debug|Any CPU
		Release|Any CPU = Release|Any CPU
	EndGlobalSection
	GlobalSection(ProjectConfigurationPlatforms) = postSolution
		{D0FF7219-114C-48D8-85C0-03762CCFC9A3}.Debug|Any CPU.ActiveCfg = Debug|Any CPU
		{D0FF7219-114C-48D8-85C0-03762CCFC9A3}.Debug|Any CPU.Build.0 = Debug|Any CPU
		{D0FF7219-114C-48D8-85C0-03762CCFC9A3}.Release|Any CPU.ActiveCfg = Release|Any CPU
		{D0FF7219-114C-48D8-85C0-03762CCFC9A3}.Release|Any CPU.Build.0 = Release|Any CPU
		{07C46B61-F9C6-423E-B7F9-8F4CA82CC9F6}.Debug|Any CPU.ActiveCfg = Debug|Any CPU
		{07C46B61-F9C6-423E-B7F9-8F4CA82CC9F6}.Debug|Any CPU.Build.0 = Debug|Any CPU
		{07C46B61-F9C6-423E-B7F9-8F4CA82CC9F6}.Release|Any CPU.ActiveCfg = Release|Any CPU
		{07C46B61-F9C6-423E-B7F9-8F4CA82CC9F6}.Release|Any CPU.Build.0 = Release|Any CPU
		{9E52A201-E5C6-4CB2-AD67-C5EDDA243208}.Debug|Any CPU.ActiveCfg = Debug|Any CPU
		{9E52A201-E5C6-4CB2-AD67-C5EDDA243208}.Debug|Any CPU.Build.0 = Debug|Any CPU
		{9E52A201-E5C6-4CB2-AD67-C5EDDA243208}.Release|Any CPU.ActiveCfg = Release|Any CPU
		{9E52A201-E5C6-4CB2-AD67-C5EDDA243208}.Release|Any CPU.Build.0 = Release|Any CPU
		{9457DA8A-7497-4C7D-A772-9B9AC7F7671B}.Debug|Any CPU.ActiveCfg = Debug|Any CPU
		{9457DA8A-7497-4C7D-A772-9B9AC7F7671B}.Debug|Any CPU.Build.0 = Debug|Any CPU
		{9457DA8A-7497-4C7D-A772-9B9AC7F7671B}.Release|Any CPU.ActiveCfg = Release|Any CPU
		{9457DA8A-7497-4C7D-A772-9B9AC7F7671B}.Release|Any CPU.Build.0 = Release|Any CPU
		{02E56088-9519-4E95-BBB0-AA508B62B36A}.Debug|Any CPU.ActiveCfg = Debug|Any CPU
		{02E56088-9519-4E95-BBB0-AA508B62B36A}.Debug|Any CPU.Build.0 = Debug|Any CPU
		{02E56088-9519-4E95-BBB0-AA508B62B36A}.Release|Any CPU.ActiveCfg = Release|Any CPU
		{02E56088-9519-4E95-BBB0-AA508B62B36A}.Release|Any CPU.Build.0 = Release|Any CPU
		{87B0065E-CEC7-4218-93B2-58E63BF0B6C8}.Debug|Any CPU.ActiveCfg = Debug|Any CPU
		{87B0065E-CEC7-4218-93B2-58E63BF0B6C8}.Debug|Any CPU.Build.0 = Debug|Any CPU
		{87B0065E-CEC7-4218-93B2-58E63BF0B6C8}.Release|Any CPU.ActiveCfg = Release|Any CPU
		{87B0065E-CEC7-4218-93B2-58E63BF0B6C8}.Release|Any CPU.Build.0 = Release|Any CPU
	EndGlobalSection
	GlobalSection(SolutionProperties) = preSolution
		HideSolutionNode = FALSE
	EndGlobalSection
	GlobalSection(NestedProjects) = preSolution
		{A7B30563-21CC-4497-B61F-75BF68CB1FB6} = {0EC9B2C5-2616-4447-B499-1CA06E74FED9}
		{CEB56D2B-9F9B-4AEA-AB2A-AFA32773E79A} = {0EC9B2C5-2616-4447-B499-1CA06E74FED9}
		{2F0BC934-5DEE-4C3E-A94C-A947E426A174} = {0EC9B2C5-2616-4447-B499-1CA06E74FED9}
		{4EEB8945-F32C-4615-8C75-BDA12A170CFC} = {0EC9B2C5-2616-4447-B499-1CA06E74FED9}
		{D0FF7219-114C-48D8-85C0-03762CCFC9A3} = {2F0BC934-5DEE-4C3E-A94C-A947E426A174}
		{07C46B61-F9C6-423E-B7F9-8F4CA82CC9F6} = {A7B30563-21CC-4497-B61F-75BF68CB1FB6}
		{9E52A201-E5C6-4CB2-AD67-C5EDDA243208} = {A7B30563-21CC-4497-B61F-75BF68CB1FB6}
		{9457DA8A-7497-4C7D-A772-9B9AC7F7671B} = {4EEB8945-F32C-4615-8C75-BDA12A170CFC}
		{02E56088-9519-4E95-BBB0-AA508B62B36A} = {4EEB8945-F32C-4615-8C75-BDA12A170CFC}
		{87B0065E-CEC7-4218-93B2-58E63BF0B6C8} = {CEB56D2B-9F9B-4AEA-AB2A-AFA32773E79A}
	EndGlobalSection
	GlobalSection(ExtensibilityGlobals) = postSolution
		SolutionGuid = {E7F00907-2663-4E12-A307-E9FA01F3B9BD}
	EndGlobalSection
EndGlobal
